
Microsoft Visual Studio Solution File, Format Version 12.00
# Visual Studio Version 17
VisualStudioVersion = 17.6.33829.357
MinimumVisualStudioVersion = 10.0.40219.1
Project("{9A19103F-16F7-4668-BE54-9A1E7A4F7556}") = "UniversidadesAPI", "UniversidadesAPI\UniversidadesAPI.csproj", "{47AF9537-6400-49B9-9E8E-DEC51CF06F47}"
EndProject
Project("{2150E333-8FDC-42A3-9474-1A3956D46DE8}") = "Solution Items", "Solution Items", "{753A2406-D0C7-4249-A12C-20E8307649B6}"
	ProjectSection(SolutionItems) = preProject
		docker-compose.yaml = docker-compose.yaml
		responses.json = responses.json
	EndProjectSection
EndProject
Global
	GlobalSection(SolutionConfigurationPlatforms) = preSolution
		Debug|Any CPU = Debug|Any CPU
		Release|Any CPU = Release|Any CPU
	EndGlobalSection
	GlobalSection(ProjectConfigurationPlatforms) = postSolution
		{47AF9537-6400-49B9-9E8E-DEC51CF06F47}.Debug|Any CPU.ActiveCfg = Debug|Any CPU
		{47AF9537-6400-49B9-9E8E-DEC51CF06F47}.Debug|Any CPU.Build.0 = Debug|Any CPU
		{47AF9537-6400-49B9-9E8E-DEC51CF06F47}.Release|Any CPU.ActiveCfg = Release|Any CPU
		{47AF9537-6400-49B9-9E8E-DEC51CF06F47}.Release|Any CPU.Build.0 = Release|Any CPU
	EndGlobalSection
	GlobalSection(SolutionProperties) = preSolution
		HideSolutionNode = FALSE
	EndGlobalSection
	GlobalSection(ExtensibilityGlobals) = postSolution
		SolutionGuid = {DB8B6AEA-2BDD-4CB6-8AD0-2EDA195C9B7D}
	EndGlobalSection
EndGlobal
